
Microsoft Visual Studio Solution File, Format Version 12.00
# Visual Studio 15
Project("{FAE04EC0-301F-11D3-BF4B-00C04F79EFBC}") = "Assembly-CSharp", "Assembly-CSharp.csproj", "{EA32D962-2BBB-442A-FC4D-32C165A07423}"
EndProject
Global
	GlobalSection(SolutionConfigurationPlatforms) = preSolution
		Debug|Any CPU = Debug|Any CPU
		Release|Any CPU = Release|Any CPU
	EndGlobalSection
	GlobalSection(ProjectConfigurationPlatforms) = postSolution
		{EA32D962-2BBB-442A-FC4D-32C165A07423}.Debug|Any CPU.ActiveCfg = Debug|Any CPU
		{EA32D962-2BBB-442A-FC4D-32C165A07423}.Debug|Any CPU.Build.0 = Debug|Any CPU
		{EA32D962-2BBB-442A-FC4D-32C165A07423}.Release|Any CPU.ActiveCfg = Release|Any CPU
		{EA32D962-2BBB-442A-FC4D-32C165A07423}.Release|Any CPU.Build.0 = Release|Any CPU
	EndGlobalSection
	GlobalSection(SolutionProperties) = preSolution
		HideSolutionNode = FALSE
	EndGlobalSection
EndGlobal
